// !$*UTF8*$!
{
	archiveVersion = 1;
	classes = {
	};
	objectVersion = 56;
	objects = {

/* Begin PBXBuildFile section */
		AC36D33A28E5A7AC00623CC3 /* BhumikaPortfolioAppApp.swift in Sources */ = {isa = PBXBuildFile; fileRef = AC36D33928E5A7AC00623CC3 /* BhumikaPortfolioAppApp.swift */; };
		AC36D33C28E5A7AC00623CC3 /* PortfolioView.swift in Sources */ = {isa = PBXBuildFile; fileRef = AC36D33B28E5A7AC00623CC3 /* PortfolioView.swift */; };
		AC36D33E28E5A7AD00623CC3 /* Assets.xcassets in Resources */ = {isa = PBXBuildFile; fileRef = AC36D33D28E5A7AD00623CC3 /* Assets.xcassets */; };
		AC36D34128E5A7AD00623CC3 /* Preview Assets.xcassets in Resources */ = {isa = PBXBuildFile; fileRef = AC36D34028E5A7AD00623CC3 /* Preview Assets.xcassets */; };
		AC36D34928E5A7F900623CC3 /* Portfolio.swift in Sources */ = {isa = PBXBuildFile; fileRef = AC36D34828E5A7F900623CC3 /* Portfolio.swift */; };
		AC36D34B28E5A96300623CC3 /* AppModel.swift in Sources */ = {isa = PBXBuildFile; fileRef = AC36D34A28E5A96300623CC3 /* AppModel.swift */; };
		AC36D34F28E5AD2400623CC3 /* HeaderView.swift in Sources */ = {isa = PBXBuildFile; fileRef = AC36D34E28E5AD2400623CC3 /* HeaderView.swift */; };
		AC36D35128E5B31300623CC3 /* SkillsView.swift in Sources */ = {isa = PBXBuildFile; fileRef = AC36D35028E5B31300623CC3 /* SkillsView.swift */; };
		AC36D35328E5B7F900623CC3 /* SkillView.swift in Sources */ = {isa = PBXBuildFile; fileRef = AC36D35228E5B7F900623CC3 /* SkillView.swift */; };
		AC76F6E828EABE0C00EC7578 /* ExperienceView.swift in Sources */ = {isa = PBXBuildFile; fileRef = AC76F6E728EABE0C00EC7578 /* ExperienceView.swift */; };
		AC76F6EA28EAC1BB00EC7578 /* ExperiencesView.swift in Sources */ = {isa = PBXBuildFile; fileRef = AC76F6E928EAC1BB00EC7578 /* ExperiencesView.swift */; };
/* End PBXBuildFile section */

/* Begin PBXFileReference section */
		AC36D33628E5A7AC00623CC3 /* BhumikaPortfolioApp.app */ = {isa = PBXFileReference; explicitFileType = wrapper.application; includeInIndex = 0; path = BhumikaPortfolioApp.app; sourceTree = BUILT_PRODUCTS_DIR; };
		AC36D33928E5A7AC00623CC3 /* BhumikaPortfolioAppApp.swift */ = {isa = PBXFileReference; lastKnownFileType = sourcecode.swift; path = BhumikaPortfolioAppApp.swift; sourceTree = "<group>"; };
		AC36D33B28E5A7AC00623CC3 /* PortfolioView.swift */ = {isa = PBXFileReference; lastKnownFileType = sourcecode.swift; path = PortfolioView.swift; sourceTree = "<group>"; };
		AC36D33D28E5A7AD00623CC3 /* Assets.xcassets */ = {isa = PBXFileReference; lastKnownFileType = folder.assetcatalog; path = Assets.xcassets; sourceTree = "<group>"; };
		AC36D34028E5A7AD00623CC3 /* Preview Assets.xcassets */ = {isa = PBXFileReference; lastKnownFileType = folder.assetcatalog; path = "Preview Assets.xcassets"; sourceTree = "<group>"; };
		AC36D34828E5A7F900623CC3 /* Portfolio.swift */ = {isa = PBXFileReference; lastKnownFileType = sourcecode.swift; path = Portfolio.swift; sourceTree = "<group>"; };
		AC36D34A28E5A96300623CC3 /* AppModel.swift */ = {isa = PBXFileReference; lastKnownFileType = sourcecode.swift; path = AppModel.swift; sourceTree = "<group>"; };
		AC36D34E28E5AD2400623CC3 /* HeaderView.swift */ = {isa = PBXFileReference; lastKnownFileType = sourcecode.swift; path = HeaderView.swift; sourceTree = "<group>"; };
		AC36D35028E5B31300623CC3 /* SkillsView.swift */ = {isa = PBXFileReference; lastKnownFileType = sourcecode.swift; path = SkillsView.swift; sourceTree = "<group>"; };
		AC36D35228E5B7F900623CC3 /* SkillView.swift */ = {isa = PBXFileReference; lastKnownFileType = sourcecode.swift; path = SkillView.swift; sourceTree = "<group>"; };
		AC76F6E728EABE0C00EC7578 /* ExperienceView.swift */ = {isa = PBXFileReference; lastKnownFileType = sourcecode.swift; path = ExperienceView.swift; sourceTree = "<group>"; };
		AC76F6E928EAC1BB00EC7578 /* ExperiencesView.swift */ = {isa = PBXFileReference; lastKnownFileType = sourcecode.swift; path = ExperiencesView.swift; sourceTree = "<group>"; };
/* End PBXFileReference section */

/* Begin PBXFrameworksBuildPhase section */
		AC36D33328E5A7AC00623CC3 /* Frameworks */ = {
			isa = PBXFrameworksBuildPhase;
			buildActionMask = 2147483647;
			files = (
			);
			runOnlyForDeploymentPostprocessing = 0;
		};
/* End PBXFrameworksBuildPhase section */

/* Begin PBXGroup section */
		AC36D32D28E5A7AC00623CC3 = {
			isa = PBXGroup;
			children = (
				AC36D33828E5A7AC00623CC3 /* BhumikaPortfolioApp */,
				AC36D33728E5A7AC00623CC3 /* Products */,
			);
			sourceTree = "<group>";
		};
		AC36D33728E5A7AC00623CC3 /* Products */ = {
			isa = PBXGroup;
			children = (
				AC36D33628E5A7AC00623CC3 /* BhumikaPortfolioApp.app */,
			);
			name = Products;
			sourceTree = "<group>";
		};
		AC36D33828E5A7AC00623CC3 /* BhumikaPortfolioApp */ = {
			isa = PBXGroup;
			children = (
				AC36D34C28E5AB9900623CC3 /* View */,
				AC36D34728E5A7D800623CC3 /* Model */,
				AC36D33928E5A7AC00623CC3 /* BhumikaPortfolioAppApp.swift */,
				AC36D33D28E5A7AD00623CC3 /* Assets.xcassets */,
				AC36D33F28E5A7AD00623CC3 /* Preview Content */,
			);
			path = BhumikaPortfolioApp;
			sourceTree = "<group>";
		};
		AC36D33F28E5A7AD00623CC3 /* Preview Content */ = {
			isa = PBXGroup;
			children = (
				AC36D34028E5A7AD00623CC3 /* Preview Assets.xcassets */,
			);
			path = "Preview Content";
			sourceTree = "<group>";
		};
		AC36D34728E5A7D800623CC3 /* Model */ = {
			isa = PBXGroup;
			children = (
				AC36D34828E5A7F900623CC3 /* Portfolio.swift */,
				AC36D34A28E5A96300623CC3 /* AppModel.swift */,
			);
			path = Model;
			sourceTree = "<group>";
		};
		AC36D34C28E5AB9900623CC3 /* View */ = {
			isa = PBXGroup;
			children = (
				AC36D34D28E5AD0B00623CC3 /* SupportView */,
				AC36D33B28E5A7AC00623CC3 /* PortfolioView.swift */,
			);
			path = View;
			sourceTree = "<group>";
		};
		AC36D34D28E5AD0B00623CC3 /* SupportView */ = {
			isa = PBXGroup;
			children = (
				AC36D34E28E5AD2400623CC3 /* HeaderView.swift */,
				AC36D35028E5B31300623CC3 /* SkillsView.swift */,
				AC36D35228E5B7F900623CC3 /* SkillView.swift */,
				AC76F6E728EABE0C00EC7578 /* ExperienceView.swift */,
				AC76F6E928EAC1BB00EC7578 /* ExperiencesView.swift */,
			);
			path = SupportView;
			sourceTree = "<group>";
		};
/* End PBXGroup section */

/* Begin PBXNativeTarget section */
		AC36D33528E5A7AC00623CC3 /* BhumikaPortfolioApp */ = {
			isa = PBXNativeTarget;
			buildConfigurationList = AC36D34428E5A7AD00623CC3 /* Build configuration list for PBXNativeTarget "BhumikaPortfolioApp" */;
			buildPhases = (
				AC36D33228E5A7AC00623CC3 /* Sources */,
				AC36D33328E5A7AC00623CC3 /* Frameworks */,
				AC36D33428E5A7AC00623CC3 /* Resources */,
			);
			buildRules = (
			);
			dependencies = (
			);
			name = BhumikaPortfolioApp;
			productName = BhumikaPortfolioApp;
			productReference = AC36D33628E5A7AC00623CC3 /* BhumikaPortfolioApp.app */;
			productType = "com.apple.product-type.application";
		};
/* End PBXNativeTarget section */

/* Begin PBXProject section */
		AC36D32E28E5A7AC00623CC3 /* Project object */ = {
			isa = PBXProject;
			attributes = {
				BuildIndependentTargetsInParallel = 1;
				LastSwiftUpdateCheck = 1400;
				LastUpgradeCheck = 1400;
				TargetAttributes = {
					AC36D33528E5A7AC00623CC3 = {
						CreatedOnToolsVersion = 14.0.1;
					};
				};
			};
			buildConfigurationList = AC36D33128E5A7AC00623CC3 /* Build configuration list for PBXProject "BhumikaPortfolioApp" */;
			compatibilityVersion = "Xcode 14.0";
			developmentRegion = en;
			hasScannedForEncodings = 0;
			knownRegions = (
				en,
				Base,
			);
			mainGroup = AC36D32D28E5A7AC00623CC3;
			productRefGroup = AC36D33728E5A7AC00623CC3 /* Products */;
			projectDirPath = "";
			projectRoot = "";
			targets = (
				AC36D33528E5A7AC00623CC3 /* BhumikaPortfolioApp */,
			);
		};
/* End PBXProject section */

/* Begin PBXResourcesBuildPhase section */
		AC36D33428E5A7AC00623CC3 /* Resources */ = {
			isa = PBXResourcesBuildPhase;
			buildActionMask = 2147483647;
			files = (
				AC36D34128E5A7AD00623CC3 /* Preview Assets.xcassets in Resources */,
				AC36D33E28E5A7AD00623CC3 /* Assets.xcassets in Resources */,
			);
			runOnlyForDeploymentPostprocessing = 0;
		};
/* End PBXResourcesBuildPhase section */

/* Begin PBXSourcesBuildPhase section */
		AC36D33228E5A7AC00623CC3 /* Sources */ = {
			isa = PBXSourcesBuildPhase;
			buildActionMask = 2147483647;
			files = (
				AC36D35128E5B31300623CC3 /* SkillsView.swift in Sources */,
				AC36D34F28E5AD2400623CC3 /* HeaderView.swift in Sources */,
				AC76F6E828EABE0C00EC7578 /* ExperienceView.swift in Sources */,
				AC36D34928E5A7F900623CC3 /* Portfolio.swift in Sources */,
				AC76F6EA28EAC1BB00EC7578 /* ExperiencesView.swift in Sources */,
				AC36D33C28E5A7AC00623CC3 /* PortfolioView.swift in Sources */,
				AC36D35328E5B7F900623CC3 /* SkillView.swift in Sources */,
				AC36D33A28E5A7AC00623CC3 /* BhumikaPortfolioAppApp.swift in Sources */,
				AC36D34B28E5A96300623CC3 /* AppModel.swift in Sources */,
			);
			runOnlyForDeploymentPostprocessing = 0;
		};
/* End PBXSourcesBuildPhase section */

/* Begin XCBuildConfiguration section */
		AC36D34228E5A7AD00623CC3 /* Debug */ = {
			isa = XCBuildConfiguration;
			buildSettings = {
				ALWAYS_SEARCH_USER_PATHS = NO;
				CLANG_ANALYZER_NONNULL = YES;
				CLANG_ANALYZER_NUMBER_OBJECT_CONVERSION = YES_AGGRESSIVE;
				CLANG_CXX_LANGUAGE_STANDARD = "gnu++20";
				CLANG_ENABLE_MODULES = YES;
				CLANG_ENABLE_OBJC_ARC = YES;
				CLANG_ENABLE_OBJC_WEAK = YES;
				CLANG_WARN_BLOCK_CAPTURE_AUTORELEASING = YES;
				CLANG_WARN_BOOL_CONVERSION = YES;
				CLANG_WARN_COMMA = YES;
				CLANG_WARN_CONSTANT_CONVERSION = YES;
				CLANG_WARN_DEPRECATED_OBJC_IMPLEMENTATIONS = YES;
				CLANG_WARN_DIRECT_OBJC_ISA_USAGE = YES_ERROR;
				CLANG_WARN_DOCUMENTATION_COMMENTS = YES;
				CLANG_WARN_EMPTY_BODY = YES;
				CLANG_WARN_ENUM_CONVERSION = YES;
				CLANG_WARN_INFINITE_RECURSION = YES;
				CLANG_WARN_INT_CONVERSION = YES;
				CLANG_WARN_NON_LITERAL_NULL_CONVERSION = YES;
				CLANG_WARN_OBJC_IMPLICIT_RETAIN_SELF = YES;
				CLANG_WARN_OBJC_LITERAL_CONVERSION = YES;
				CLANG_WARN_OBJC_ROOT_CLASS = YES_ERROR;
				CLANG_WARN_QUOTED_INCLUDE_IN_FRAMEWORK_HEADER = YES;
				CLANG_WARN_RANGE_LOOP_ANALYSIS = YES;
				CLANG_WARN_STRICT_PROTOTYPES = YES;
				CLANG_WARN_SUSPICIOUS_MOVE = YES;
				CLANG_WARN_UNGUARDED_AVAILABILITY = YES_AGGRESSIVE;
				CLANG_WARN_UNREACHABLE_CODE = YES;
				CLANG_WARN__DUPLICATE_METHOD_MATCH = YES;
				COPY_PHASE_STRIP = NO;
				DEBUG_INFORMATION_FORMAT = dwarf;
				ENABLE_STRICT_OBJC_MSGSEND = YES;
				ENABLE_TESTABILITY = YES;
				GCC_C_LANGUAGE_STANDARD = gnu11;
				GCC_DYNAMIC_NO_PIC = NO;
				GCC_NO_COMMON_BLOCKS = YES;
				GCC_OPTIMIZATION_LEVEL = 0;
				GCC_PREPROCESSOR_DEFINITIONS = (
					"DEBUG=1",
					"$(inherited)",
				);
				GCC_WARN_64_TO_32_BIT_CONVERSION = YES;
				GCC_WARN_ABOUT_RETURN_TYPE = YES_ERROR;
				GCC_WARN_UNDECLARED_SELECTOR = YES;
				GCC_WARN_UNINITIALIZED_AUTOS = YES_AGGRESSIVE;
				GCC_WARN_UNUSED_FUNCTION = YES;
				GCC_WARN_UNUSED_VARIABLE = YES;
				IPHONEOS_DEPLOYMENT_TARGET = 16.0;
				MTL_ENABLE_DEBUG_INFO = INCLUDE_SOURCE;
				MTL_FAST_MATH = YES;
				ONLY_ACTIVE_ARCH = YES;
				SDKROOT = iphoneos;
				SWIFT_ACTIVE_COMPILATION_CONDITIONS = DEBUG;
				SWIFT_OPTIMIZATION_LEVEL = "-Onone";
			};
			name = Debug;
		};
		AC36D34328E5A7AD00623CC3 /* Release */ = {
			isa = XCBuildConfiguration;
			buildSettings = {
				ALWAYS_SEARCH_USER_PATHS = NO;
				CLANG_ANALYZER_NONNULL = YES;
				CLANG_ANALYZER_NUMBER_OBJECT_CONVERSION = YES_AGGRESSIVE;
				CLANG_CXX_LANGUAGE_STANDARD = "gnu++20";
				CLANG_ENABLE_MODULES = YES;
				CLANG_ENABLE_OBJC_ARC = YES;
				CLANG_ENABLE_OBJC_WEAK = YES;
				CLANG_WARN_BLOCK_CAPTURE_AUTORELEASING = YES;
				CLANG_WARN_BOOL_CONVERSION = YES;
				CLANG_WARN_COMMA = YES;
				CLANG_WARN_CONSTANT_CONVERSION = YES;
				CLANG_WARN_DEPRECATED_OBJC_IMPLEMENTATIONS = YES;
				CLANG_WARN_DIRECT_OBJC_ISA_USAGE = YES_ERROR;
				CLANG_WARN_DOCUMENTATION_COMMENTS = YES;
				CLANG_WARN_EMPTY_BODY = YES;
				CLANG_WARN_ENUM_CONVERSION = YES;
				CLANG_WARN_INFINITE_RECURSION = YES;
				CLANG_WARN_INT_CONVERSION = YES;
				CLANG_WARN_NON_LITERAL_NULL_CONVERSION = YES;
				CLANG_WARN_OBJC_IMPLICIT_RETAIN_SELF = YES;
				CLANG_WARN_OBJC_LITERAL_CONVERSION = YES;
				CLANG_WARN_OBJC_ROOT_CLASS = YES_ERROR;
				CLANG_WARN_QUOTED_INCLUDE_IN_FRAMEWORK_HEADER = YES;
				CLANG_WARN_RANGE_LOOP_ANALYSIS = YES;
				CLANG_WARN_STRICT_PROTOTYPES = YES;
				CLANG_WARN_SUSPICIOUS_MOVE = YES;
				CLANG_WARN_UNGUARDED_AVAILABILITY = YES_AGGRESSIVE;
				CLANG_WARN_UNREACHABLE_CODE = YES;
				CLANG_WARN__DUPLICATE_METHOD_MATCH = YES;
				COPY_PHASE_STRIP = NO;
				DEBUG_INFORMATION_FORMAT = "dwarf-with-dsym";
				ENABLE_NS_ASSERTIONS = NO;
				ENABLE_STRICT_OBJC_MSGSEND = YES;
				GCC_C_LANGUAGE_STANDARD = gnu11;
				GCC_NO_COMMON_BLOCKS = YES;
				GCC_WARN_64_TO_32_BIT_CONVERSION = YES;
				GCC_WARN_ABOUT_RETURN_TYPE = YES_ERROR;
				GCC_WARN_UNDECLARED_SELECTOR = YES;
				GCC_WARN_UNINITIALIZED_AUTOS = YES_AGGRESSIVE;
				GCC_WARN_UNUSED_FUNCTION = YES;
				GCC_WARN_UNUSED_VARIABLE = YES;
				IPHONEOS_DEPLOYMENT_TARGET = 16.0;
				MTL_ENABLE_DEBUG_INFO = NO;
				MTL_FAST_MATH = YES;
				SDKROOT = iphoneos;
				SWIFT_COMPILATION_MODE = wholemodule;
				SWIFT_OPTIMIZATION_LEVEL = "-O";
				VALIDATE_PRODUCT = YES;
			};
			name = Release;
		};
		AC36D34528E5A7AD00623CC3 /* Debug */ = {
			isa = XCBuildConfiguration;
			buildSettings = {
				ASSETCATALOG_COMPILER_APPICON_NAME = AppIcon;
				ASSETCATALOG_COMPILER_GLOBAL_ACCENT_COLOR_NAME = AccentColor;
				CODE_SIGN_STYLE = Automatic;
				CURRENT_PROJECT_VERSION = 1;
				DEVELOPMENT_ASSET_PATHS = "\"BhumikaPortfolioApp/Preview Content\"";
				DEVELOPMENT_TEAM = LU893QGJWJ;
				ENABLE_PREVIEWS = YES;
				GENERATE_INFOPLIST_FILE = YES;
				INFOPLIST_KEY_UIApplicationSceneManifest_Generation = YES;
				INFOPLIST_KEY_UIApplicationSupportsIndirectInputEvents = YES;
				INFOPLIST_KEY_UILaunchScreen_Generation = YES;
				INFOPLIST_KEY_UISupportedInterfaceOrientations_iPad = "UIInterfaceOrientationPortrait UIInterfaceOrientationPortraitUpsideDown UIInterfaceOrientationLandscapeLeft UIInterfaceOrientationLandscapeRight";
				INFOPLIST_KEY_UISupportedInterfaceOrientations_iPhone = "UIInterfaceOrientationPortrait UIInterfaceOrientationLandscapeLeft UIInterfaceOrientationLandscapeRight";
				LD_RUNPATH_SEARCH_PATHS = (
					"$(inherited)",
					"@executable_path/Frameworks",
				);
				MARKETING_VERSION = 1.0;
				PRODUCT_BUNDLE_IDENTIFIER = com.test.BhumikaPortfolioApp;
				PRODUCT_NAME = "$(TARGET_NAME)";
				SWIFT_EMIT_LOC_STRINGS = YES;
				SWIFT_VERSION = 5.0;
				TARGETED_DEVICE_FAMILY = "1,2";
			};
			name = Debug;
		};
		AC36D34628E5A7AD00623CC3 /* Release */ = {
			isa = XCBuildConfiguration;
			buildSettings = {
				ASSETCATALOG_COMPILER_APPICON_NAME = AppIcon;
				ASSETCATALOG_COMPILER_GLOBAL_ACCENT_COLOR_NAME = AccentColor;
				CODE_SIGN_STYLE = Automatic;
				CURRENT_PROJECT_VERSION = 1;
				DEVELOPMENT_ASSET_PATHS = "\"BhumikaPortfolioApp/Preview Content\"";
				DEVELOPMENT_TEAM = LU893QGJWJ;
				ENABLE_PREVIEWS = YES;
				GENERATE_INFOPLIST_FILE = YES;
				INFOPLIST_KEY_UIApplicationSceneManifest_Generation = YES;
				INFOPLIST_KEY_UIApplicationSupportsIndirectInputEvents = YES;
				INFOPLIST_KEY_UILaunchScreen_Generation = YES;
				INFOPLIST_KEY_UISupportedInterfaceOrientations_iPad = "UIInterfaceOrientationPortrait UIInterfaceOrientationPortraitUpsideDown UIInterfaceOrientationLandscapeLeft UIInterfaceOrientationLandscapeRight";
				INFOPLIST_KEY_UISupportedInterfaceOrientations_iPhone = "UIInterfaceOrientationPortrait UIInterfaceOrientationLandscapeLeft UIInterfaceOrientationLandscapeRight";
				LD_RUNPATH_SEARCH_PATHS = (
					"$(inherited)",
					"@executable_path/Frameworks",
				);
				MARKETING_VERSION = 1.0;
				PRODUCT_BUNDLE_IDENTIFIER = com.test.BhumikaPortfolioApp;
				PRODUCT_NAME = "$(TARGET_NAME)";
				SWIFT_EMIT_LOC_STRINGS = YES;
				SWIFT_VERSION = 5.0;
				TARGETED_DEVICE_FAMILY = "1,2";
			};
			name = Release;
		};
/* End XCBuildConfiguration section */

/* Begin XCConfigurationList section */
		AC36D33128E5A7AC00623CC3 /* Build configuration list for PBXProject "BhumikaPortfolioApp" */ = {
			isa = XCConfigurationList;
			buildConfigurations = (
				AC36D34228E5A7AD00623CC3 /* Debug */,
				AC36D34328E5A7AD00623CC3 /* Release */,
			);
			defaultConfigurationIsVisible = 0;
			defaultConfigurationName = Release;
		};
		AC36D34428E5A7AD00623CC3 /* Build configuration list for PBXNativeTarget "BhumikaPortfolioApp" */ = {
			isa = XCConfigurationList;
			buildConfigurations = (
				AC36D34528E5A7AD00623CC3 /* Debug */,
				AC36D34628E5A7AD00623CC3 /* Release */,
			);
			defaultConfigurationIsVisible = 0;
			defaultConfigurationName = Release;
		};
/* End XCConfigurationList section */
	};
	rootObject = AC36D32E28E5A7AC00623CC3 /* Project object */;
}
